
Microsoft Visual Studio Solution File, Format Version 12.00
# Visual Studio Version 17
VisualStudioVersion = 17.14.36109.1
MinimumVisualStudioVersion = 10.0.40219.1
Project("{FAE04EC0-301F-11D3-BF4B-00C04F79EFBC}") = "MyDNA.Repositories.DatTT", "MyDNA.Repositories.DatTT\MyDNA.Repositories.DatTT.csproj", "{66164758-2359-1423-2432-9299CD096BAB}"
EndProject
Project("{FAE04EC0-301F-11D3-BF4B-00C04F79EFBC}") = "MyDNA.SoapAPIServices.DatTT", "MyDNA.SoapAPIServices.DatTT\MyDNA.SoapAPIServices.DatTT.csproj", "{6A81DB55-C1D3-4A11-AE1D-22DF79DF49CF}"
EndProject
Project("{FAE04EC0-301F-11D3-BF4B-00C04F79EFBC}") = "MyDNA.Services.DatTT", "MyDNA.Services.DatTT\MyDNA.Services.DatTT.csproj", "{509FF5EB-7C8C-F0BF-0FD7-B3FE0CC27312}"
EndProject
Global
	GlobalSection(SolutionConfigurationPlatforms) = preSolution
		Debug|Any CPU = Debug|Any CPU
		Release|Any CPU = Release|Any CPU
	EndGlobalSection
	GlobalSection(ProjectConfigurationPlatforms) = postSolution
		{66164758-2359-1423-2432-9299CD096BAB}.Debug|Any CPU.ActiveCfg = Debug|Any CPU
		{66164758-2359-1423-2432-9299CD096BAB}.Debug|Any CPU.Build.0 = Debug|Any CPU
		{66164758-2359-1423-2432-9299CD096BAB}.Release|Any CPU.ActiveCfg = Release|Any CPU
		{66164758-2359-1423-2432-9299CD096BAB}.Release|Any CPU.Build.0 = Release|Any CPU
		{6A81DB55-C1D3-4A11-AE1D-22DF79DF49CF}.Debug|Any CPU.ActiveCfg = Debug|Any CPU
		{6A81DB55-C1D3-4A11-AE1D-22DF79DF49CF}.Debug|Any CPU.Build.0 = Debug|Any CPU
		{6A81DB55-C1D3-4A11-AE1D-22DF79DF49CF}.Release|Any CPU.ActiveCfg = Release|Any CPU
		{6A81DB55-C1D3-4A11-AE1D-22DF79DF49CF}.Release|Any CPU.Build.0 = Release|Any CPU
		{509FF5EB-7C8C-F0BF-0FD7-B3FE0CC27312}.Debug|Any CPU.ActiveCfg = Debug|Any CPU
		{509FF5EB-7C8C-F0BF-0FD7-B3FE0CC27312}.Debug|Any CPU.Build.0 = Debug|Any CPU
		{509FF5EB-7C8C-F0BF-0FD7-B3FE0CC27312}.Release|Any CPU.ActiveCfg = Release|Any CPU
		{509FF5EB-7C8C-F0BF-0FD7-B3FE0CC27312}.Release|Any CPU.Build.0 = Release|Any CPU
	EndGlobalSection
	GlobalSection(SolutionProperties) = preSolution
		HideSolutionNode = FALSE
	EndGlobalSection
	GlobalSection(ExtensibilityGlobals) = postSolution
		SolutionGuid = {418F05BF-D4F9-43AF-B509-BD1BE30E2918}
	EndGlobalSection
EndGlobal
